PODS:
  - audioplayers (0.0.1):
    - Flutter
  - DKImagePickerController/Core (4.3.2):
    - DKImagePickerController/ImageDataManager
    - DKImagePickerController/Resource
  - DKImagePickerController/ImageDataManager (4.3.2)
  - DKImagePickerController/PhotoGallery (4.3.2):
    - DKImagePickerController/Core
    - DKPhotoGallery
  - DKImagePickerController/Resource (4.3.2)
  - DKPhotoGallery (0.0.17):
    - DKPhotoGallery/Core (= 0.0.17)
    - DKPhotoGallery/Model (= 0.0.17)
    - DKPhotoGallery/Preview (= 0.0.17)
    - DKPhotoGallery/Resource (= 0.0.17)
    - SDWebImage
    - SwiftyGif
  - DKPhotoGallery/Core (0.0.17):
    - DKPhotoGallery/Model
    - DKPhotoGallery/Preview
    - SDWebImage
    - SwiftyGif
  - DKPhotoGallery/Model (0.0.17):
    - SDWebImage
    - SwiftyGif
  - DKPhotoGallery/Preview (0.0.17):
    - DKPhotoGallery/Model
    - DKPhotoGallery/Resource
    - SDWebImage
    - SwiftyGif
  - DKPhotoGallery/Resource (0.0.17):
    - SDWebImage
    - SwiftyGif
  - file_picker (0.0.1):
    - DKImagePickerController/PhotoGallery
    - Flutter
  - Flutter (1.0.0)
  - flutter_audio_recorder (0.5.4):
    - Flutter
  - flutter_device_information (0.0.1):
    - Flutter
  - flutter_liquidcore (1.1.0):
    - Flutter
    - LiquidCore (~> 0.7.10)
  - FMDB (2.7.5):
    - FMDB/standard (= 2.7.5)
  - FMDB/standard (2.7.5)
  - gallery_saver (0.0.1):
    - Flutter
  - image_picker (0.0.1):
    - Flutter
  - LiquidCore (0.7.10):
    - LiquidCore/Core (= 0.7.10)
  - LiquidCore-headers (0.7.10)
  - LiquidCore/ares (0.7.10):
    - LiquidCore/headers
  - LiquidCore/Core (0.7.10):
    - LiquidCore/ares
    - LiquidCore/headers
    - LiquidCore/http
    - LiquidCore/openssl
    - LiquidCore/uv
  - LiquidCore/headers (0.7.10)
  - LiquidCore/http (0.7.10):
    - LiquidCore/headers
  - LiquidCore/openssl (0.7.10):
    - LiquidCore/headers
  - LiquidCore/uv (0.7.10):
    - LiquidCore/headers
  - liquidcore_bundle (1.0.0)
  - path_provider (0.0.1):
    - Flutter
  - "permission_handler (5.0.1+1)":
    - Flutter
  - SDWebImage (5.9.3):
    - SDWebImage/Core (= 5.9.3)
  - SDWebImage/Core (5.9.3)
  - share (0.0.1):
    - Flutter
  - speech_recognition (0.3.0):
    - Flutter
  - sqflite (0.0.1):
    - Flutter
    - FMDB (~> 2.7.2)
  - SwiftyGif (5.3.0)
  - uni_links (0.0.1):
    - Flutter
  - url_launcher (0.0.1):
    - Flutter
  - video_player (0.0.1):
    - Flutter
  - webview_flutter (0.0.1):
    - Flutter

DEPENDENCIES:
  - audioplayers (from `.symlinks/plugins/audioplayers/ios`)
  - file_picker (from `.symlinks/plugins/file_picker/ios`)
  - Flutter (from `Flutter`)
  - flutter_audio_recorder (from `.symlinks/plugins/flutter_audio_recorder/ios`)
  - flutter_device_information (from `.symlinks/plugins/flutter_device_information/ios`)
  - flutter_liquidcore (from `.symlinks/plugins/flutter_liquidcore/ios`)
  - gallery_saver (from `.symlinks/plugins/gallery_saver/ios`)
  - image_picker (from `.symlinks/plugins/image_picker/ios`)
  - LiquidCore
  - LiquidCore (= 0.7.10)
  - LiquidCore-headers (= 0.7.10)
  - liquidcore_bundle (from `.liquidcore/liquidcore_bundle.podspec`)
  - path_provider (from `.symlinks/plugins/path_provider/ios`)
  - permission_handler (from `.symlinks/plugins/permission_handler/ios`)
  - share (from `.symlinks/plugins/share/ios`)
  - speech_recognition (from `.symlinks/plugins/speech_recognition/ios`)
  - sqflite (from `.symlinks/plugins/sqflite/ios`)
  - uni_links (from `.symlinks/plugins/uni_links/ios`)
  - url_launcher (from `.symlinks/plugins/url_launcher/ios`)
  - video_player (from `.symlinks/plugins/video_player/ios`)
  - webview_flutter (from `.symlinks/plugins/webview_flutter/ios`)

SPEC REPOS:
  trunk:
    - DKImagePickerController
    - DKPhotoGallery
    - FMDB
    - LiquidCore
    - LiquidCore-headers
    - SDWebImage
    - SwiftyGif

EXTERNAL SOURCES:
  audioplayers:
    :path: ".symlinks/plugins/audioplayers/ios"
  file_picker:
    :path: ".symlinks/plugins/file_picker/ios"
  Flutter:
    :path: Flutter
  flutter_audio_recorder:
    :path: ".symlinks/plugins/flutter_audio_recorder/ios"
  flutter_device_information:
    :path: ".symlinks/plugins/flutter_device_information/ios"
  flutter_liquidcore:
    :path: ".symlinks/plugins/flutter_liquidcore/ios"
  gallery_saver:
    :path: ".symlinks/plugins/gallery_saver/ios"
  image_picker:
    :path: ".symlinks/plugins/image_picker/ios"
  liquidcore_bundle:
    :path: ".liquidcore/liquidcore_bundle.podspec"
  path_provider:
    :path: ".symlinks/plugins/path_provider/ios"
  permission_handler:
    :path: ".symlinks/plugins/permission_handler/ios"
  share:
    :path: ".symlinks/plugins/share/ios"
  speech_recognition:
    :path: ".symlinks/plugins/speech_recognition/ios"
  sqflite:
    :path: ".symlinks/plugins/sqflite/ios"
  uni_links:
    :path: ".symlinks/plugins/uni_links/ios"
  url_launcher:
    :path: ".symlinks/plugins/url_launcher/ios"
  video_player:
    :path: ".symlinks/plugins/video_player/ios"
  webview_flutter:
    :path: ".symlinks/plugins/webview_flutter/ios"

SPEC CHECKSUMS:
  audioplayers: 84f968cea3f2deab00ec4f8ff53358b3c0b3992c
  DKImagePickerController: b5eb7f7a388e4643264105d648d01f727110fc3d
  DKPhotoGallery: fdfad5125a9fdda9cc57df834d49df790dbb4179
  file_picker: 3e6c3790de664ccf9b882732d9db5eaf6b8d4eb1
  Flutter: 0e3d915762c693b495b44d77113d4970485de6ec
  flutter_audio_recorder: eb998d4e75e59b39d9e3ca1818a5e0f3a82f5836
  flutter_device_information: 4a0c6d598a3fcc4e66226f5562637f8b8efa7cde
  flutter_liquidcore: 28b94701c5a9c6af686a99ff4a2db445bc43a4b4
  FMDB: 2ce00b547f966261cd18927a3ddb07cb6f3db82a
  gallery_saver: 9fc173c9f4fcc48af53b2a9ebea1b643255be542
  image_picker: 9c3312491f862b28d21ecd8fdf0ee14e601b3f09
  LiquidCore: fadf54c9d790110586527d323162d5d8496bb1f4
  LiquidCore-headers: 9d9cd2937eb4f5e175e4207614075cd6be7e5dae
  liquidcore_bundle: a23cf7756a518519ab822a7d7c83eaa04a913065
  path_provider: abfe2b5c733d04e238b0d8691db0cfd63a27a93c
  permission_handler: eac8e15b4a1a3fba55b761d19f3f4e6b005d15b6
  SDWebImage: a31ee8e90a97303529e03fb0c333eae0eacb88e9
  share: 0b2c3e82132f5888bccca3351c504d0003b3b410
  speech_recognition: b5319aace06c3633c0547de44899f6e0bf8b2168
  sqflite: 4001a31ff81d210346b500c55b17f4d6c7589dd0
  SwiftyGif: e466e86c660d343357ab944a819a101c4127cb40
  uni_links: d97da20c7701486ba192624d99bffaaffcfc298a
  url_launcher: 6fef411d543ceb26efce54b05a0a40bfd74cbbef
  video_player: 9cc823b1d9da7e8427ee591e8438bfbcde500e6e
  webview_flutter: d2b4d6c66968ad042ad94cbb791f5b72b4678a96

PODFILE CHECKSUM: ec9ef6ca654663ed99d7662d67088baf37d37d41

COCOAPODS: 1.10.0
